
Microsoft Visual Studio Solution File, Format Version 12.00
# Visual Studio Version 17
VisualStudioVersion = 17.0.31903.59
MinimumVisualStudioVersion = 10.0.40219.1
Project("{2150E333-8FDC-42A3-9474-1A3956D46DE8}") = "DynamicProgramming", "DynamicProgramming", "{8BB0AF0B-F781-4823-B7FE-7A570FF3B015}"
EndProject
Project("{FAE04EC0-301F-11D3-BF4B-00C04F79EFBC}") = "Fibonacci", "DynamicProgramming\Fibonacci\Fibonacci.csproj", "{5831DC85-9C8B-4C70-8213-1494932796C4}"
EndProject
Project("{FAE04EC0-301F-11D3-BF4B-00C04F79EFBC}") = "CoinChange", "DynamicProgramming\CoinChange\CoinChange.csproj", "{569BFE30-28FA-465A-9676-EB23506C3B1F}"
EndProject
Global
	GlobalSection(SolutionConfigurationPlatforms) = preSolution
		Debug|Any CPU = Debug|Any CPU
		Release|Any CPU = Release|Any CPU
	EndGlobalSection
	GlobalSection(SolutionProperties) = preSolution
		HideSolutionNode = FALSE
	EndGlobalSection
	GlobalSection(ProjectConfigurationPlatforms) = postSolution
		{5831DC85-9C8B-4C70-8213-1494932796C4}.Debug|Any CPU.ActiveCfg = Debug|Any CPU
		{5831DC85-9C8B-4C70-8213-1494932796C4}.Debug|Any CPU.Build.0 = Debug|Any CPU
		{5831DC85-9C8B-4C70-8213-1494932796C4}.Release|Any CPU.ActiveCfg = Release|Any CPU
		{5831DC85-9C8B-4C70-8213-1494932796C4}.Release|Any CPU.Build.0 = Release|Any CPU
		{569BFE30-28FA-465A-9676-EB23506C3B1F}.Debug|Any CPU.ActiveCfg = Debug|Any CPU
		{569BFE30-28FA-465A-9676-EB23506C3B1F}.Debug|Any CPU.Build.0 = Debug|Any CPU
		{569BFE30-28FA-465A-9676-EB23506C3B1F}.Release|Any CPU.ActiveCfg = Release|Any CPU
		{569BFE30-28FA-465A-9676-EB23506C3B1F}.Release|Any CPU.Build.0 = Release|Any CPU
	EndGlobalSection
	GlobalSection(NestedProjects) = preSolution
		{5831DC85-9C8B-4C70-8213-1494932796C4} = {8BB0AF0B-F781-4823-B7FE-7A570FF3B015}
		{569BFE30-28FA-465A-9676-EB23506C3B1F} = {8BB0AF0B-F781-4823-B7FE-7A570FF3B015}
	EndGlobalSection
EndGlobal
